// !$*UTF8*$!
{
	archiveVersion = 1;
	classes = {
	};
	objectVersion = 77;
	objects = {

/* Begin PBXContainerItemProxy section */
		F498F0202EBA4B9500BFD19D /* PBXContainerItemProxy */ = {
			isa = PBXContainerItemProxy;
			containerPortal = F498F00A2EBA4B9400BFD19D /* Project object */;
			proxyType = 1;
			remoteGlobalIDString = F498F0112EBA4B9400BFD19D;
			remoteInfo = LegacyWeatherSwift;
		};
		F498F02A2EBA4B9500BFD19D /* PBXContainerItemProxy */ = {
			isa = PBXContainerItemProxy;
			containerPortal = F498F00A2EBA4B9400BFD19D /* Project object */;
			proxyType = 1;
			remoteGlobalIDString = F498F0112EBA4B9400BFD19D;
			remoteInfo = LegacyWeatherSwift;
		};
/* End PBXContainerItemProxy section */

/* Begin PBXFileReference section */
		F498F0122EBA4B9400BFD19D /* LegacyWeatherSwift.app */ = {isa = PBXFileReference; explicitFileType = wrapper.application; includeInIndex = 0; path = LegacyWeatherSwift.app; sourceTree = BUILT_PRODUCTS_DIR; };
		F498F01F2EBA4B9500BFD19D /* LegacyWeatherSwiftTests.xctest */ = {isa = PBXFileReference; explicitFileType = wrapper.cfbundle; includeInIndex = 0; path = LegacyWeatherSwiftTests.xctest; sourceTree = BUILT_PRODUCTS_DIR; };
		F498F0292EBA4B9500BFD19D /* LegacyWeatherSwiftUITests.xctest */ = {isa = PBXFileReference; explicitFileType = wrapper.cfbundle; includeInIndex = 0; path = LegacyWeatherSwiftUITests.xctest; sourceTree = BUILT_PRODUCTS_DIR; };
/* End PBXFileReference section */

/* Begin PBXFileSystemSynchronizedRootGroup section */
		F498F0142EBA4B9400BFD19D /* LegacyWeatherSwift */ = {
			isa = PBXFileSystemSynchronizedRootGroup;
			path = LegacyWeatherSwift;
			sourceTree = "<group>";
		};
		F498F0222EBA4B9500BFD19D /* LegacyWeatherSwiftTests */ = {
			isa = PBXFileSystemSynchronizedRootGroup;
			path = LegacyWeatherSwiftTests;
			sourceTree = "<group>";
		};
		F498F02C2EBA4B9500BFD19D /* LegacyWeatherSwiftUITests */ = {
			isa = PBXFileSystemSynchronizedRootGroup;
			path = LegacyWeatherSwiftUITests;
			sourceTree = "<group>";
		};
/* End PBXFileSystemSynchronizedRootGroup section */

/* Begin PBXFrameworksBuildPhase section */
		F498F00F2EBA4B9400BFD19D /* Frameworks */ = {
			isa = PBXFrameworksBuildPhase;
			buildActionMask = 2147483647;
			files = (
			);
			runOnlyForDeploymentPostprocessing = 0;
		};
		F498F01C2EBA4B9500BFD19D /* Frameworks */ = {
			isa = PBXFrameworksBuildPhase;
			buildActionMask = 2147483647;
			files = (
			);
			runOnlyForDeploymentPostprocessing = 0;
		};
		F498F0262EBA4B9500BFD19D /* Frameworks */ = {
			isa = PBXFrameworksBuildPhase;
			buildActionMask = 2147483647;
			files = (
			);
			runOnlyForDeploymentPostprocessing = 0;
		};
/* End PBXFrameworksBuildPhase section */

/* Begin PBXGroup section */
		F498F0092EBA4B9400BFD19D = {
			isa = PBXGroup;
			children = (
				F498F0142EBA4B9400BFD19D /* LegacyWeatherSwift */,
				F498F0222EBA4B9500BFD19D /* LegacyWeatherSwiftTests */,
				F498F02C2EBA4B9500BFD19D /* LegacyWeatherSwiftUITests */,
				F498F0132EBA4B9400BFD19D /* Products */,
			);
			sourceTree = "<group>";
		};
		F498F0132EBA4B9400BFD19D /* Products */ = {
			isa = PBXGroup;
			children = (
				F498F0122EBA4B9400BFD19D /* LegacyWeatherSwift.app */,
				F498F01F2EBA4B9500BFD19D /* LegacyWeatherSwiftTests.xctest */,
				F498F0292EBA4B9500BFD19D /* LegacyWeatherSwiftUITests.xctest */,
			);
			name = Products;
			sourceTree = "<group>";
		};
/* End PBXGroup section */

/* Begin PBXNativeTarget section */
		F498F0112EBA4B9400BFD19D /* LegacyWeatherSwift */ = {
			isa = PBXNativeTarget;
			buildConfigurationList = F498F0332EBA4B9500BFD19D /* Build configuration list for PBXNativeTarget "LegacyWeatherSwift" */;
			buildPhases = (
				F498F00E2EBA4B9400BFD19D /* Sources */,
				F498F00F2EBA4B9400BFD19D /* Frameworks */,
				F498F0102EBA4B9400BFD19D /* Resources */,
			);
			buildRules = (
			);
			dependencies = (
			);
			fileSystemSynchronizedGroups = (
				F498F0142EBA4B9400BFD19D /* LegacyWeatherSwift */,
			);
			name = LegacyWeatherSwift;
			packageProductDependencies = (
			);
			productName = LegacyWeatherSwift;
			productReference = F498F0122EBA4B9400BFD19D /* LegacyWeatherSwift.app */;
			productType = "com.apple.product-type.application";
		};
		F498F01E2EBA4B9500BFD19D /* LegacyWeatherSwiftTests */ = {
			isa = PBXNativeTarget;
			buildConfigurationList = F498F0362EBA4B9500BFD19D /* Build configuration list for PBXNativeTarget "LegacyWeatherSwiftTests" */;
			buildPhases = (
				F498F01B2EBA4B9500BFD19D /* Sources */,
				F498F01C2EBA4B9500BFD19D /* Frameworks */,
				F498F01D2EBA4B9500BFD19D /* Resources */,
			);
			buildRules = (
			);
			dependencies = (
				F498F0212EBA4B9500BFD19D /* PBXTargetDependency */,
			);
			fileSystemSynchronizedGroups = (
				F498F0222EBA4B9500BFD19D /* LegacyWeatherSwiftTests */,
			);
			name = LegacyWeatherSwiftTests;
			packageProductDependencies = (
			);
			productName = LegacyWeatherSwiftTests;
			productReference = F498F01F2EBA4B9500BFD19D /* LegacyWeatherSwiftTests.xctest */;
			productType = "com.apple.product-type.bundle.unit-test";
		};
		F498F0282EBA4B9500BFD19D /* LegacyWeatherSwiftUITests */ = {
			isa = PBXNativeTarget;
			buildConfigurationList = F498F0392EBA4B9500BFD19D /* Build configuration list for PBXNativeTarget "LegacyWeatherSwiftUITests" */;
			buildPhases = (
				F498F0252EBA4B9500BFD19D /* Sources */,
				F498F0262EBA4B9500BFD19D /* Frameworks */,
				F498F0272EBA4B9500BFD19D /* Resources */,
			);
			buildRules = (
			);
			dependencies = (
				F498F02B2EBA4B9500BFD19D /* PBXTargetDependency */,
			);
			fileSystemSynchronizedGroups = (
				F498F02C2EBA4B9500BFD19D /* LegacyWeatherSwiftUITests */,
			);
			name = LegacyWeatherSwiftUITests;
			packageProductDependencies = (
			);
			productName = LegacyWeatherSwiftUITests;
			productReference = F498F0292EBA4B9500BFD19D /* LegacyWeatherSwiftUITests.xctest */;
			productType = "com.apple.product-type.bundle.ui-testing";
		};
/* End PBXNativeTarget section */

/* Begin PBXProject section */
		F498F00A2EBA4B9400BFD19D /* Project object */ = {
			isa = PBXProject;
			attributes = {
				BuildIndependentTargetsInParallel = 1;
				LastSwiftUpdateCheck = 2600;
				LastUpgradeCheck = 2600;
				TargetAttributes = {
					F498F0112EBA4B9400BFD19D = {
						CreatedOnToolsVersion = 26.0.1;
					};
					F498F01E2EBA4B9500BFD19D = {
						CreatedOnToolsVersion = 26.0.1;
						TestTargetID = F498F0112EBA4B9400BFD19D;
					};
					F498F0282EBA4B9500BFD19D = {
						CreatedOnToolsVersion = 26.0.1;
						TestTargetID = F498F0112EBA4B9400BFD19D;
					};
				};
			};
			buildConfigurationList = F498F00D2EBA4B9400BFD19D /* Build configuration list for PBXProject "LegacyWeatherSwift" */;
			developmentRegion = en;
			hasScannedForEncodings = 0;
			knownRegions = (
				en,
				Base,
			);
			mainGroup = F498F0092EBA4B9400BFD19D;
			minimizedProjectReferenceProxies = 1;
			preferredProjectObjectVersion = 77;
			productRefGroup = F498F0132EBA4B9400BFD19D /* Products */;
			projectDirPath = "";
			projectRoot = "";
			targets = (
				F498F0112EBA4B9400BFD19D /* LegacyWeatherSwift */,
				F498F01E2EBA4B9500BFD19D /* LegacyWeatherSwiftTests */,
				F498F0282EBA4B9500BFD19D /* LegacyWeatherSwiftUITests */,
			);
		};
/* End PBXProject section */

/* Begin PBXResourcesBuildPhase section */
		F498F0102EBA4B9400BFD19D /* Resources */ = {
			isa = PBXResourcesBuildPhase;
			buildActionMask = 2147483647;
			files = (
			);
			runOnlyForDeploymentPostprocessing = 0;
		};
		F498F01D2EBA4B9500BFD19D /* Resources */ = {
			isa = PBXResourcesBuildPhase;
			buildActionMask = 2147483647;
			files = (
			);
			runOnlyForDeploymentPostprocessing = 0;
		};
		F498F0272EBA4B9500BFD19D /* Resources */ = {
			isa = PBXResourcesBuildPhase;
			buildActionMask = 2147483647;
			files = (
			);
			runOnlyForDeploymentPostprocessing = 0;
		};
/* End PBXResourcesBuildPhase section */

/* Begin PBXSourcesBuildPhase section */
		F498F00E2EBA4B9400BFD19D /* Sources */ = {
			isa = PBXSourcesBuildPhase;
			buildActionMask = 2147483647;
			files = (
			);
			runOnlyForDeploymentPostprocessing = 0;
		};
		F498F01B2EBA4B9500BFD19D /* Sources */ = {
			isa = PBXSourcesBuildPhase;
			buildActionMask = 2147483647;
			files = (
			);
			runOnlyForDeploymentPostprocessing = 0;
		};
		F498F0252EBA4B9500BFD19D /* Sources */ = {
			isa = PBXSourcesBuildPhase;
			buildActionMask = 2147483647;
			files = (
			);
			runOnlyForDeploymentPostprocessing = 0;
		};
/* End PBXSourcesBuildPhase section */

/* Begin PBXTargetDependency section */
		F498F0212EBA4B9500BFD19D /* PBXTargetDependency */ = {
			isa = PBXTargetDependency;
			target = F498F0112EBA4B9400BFD19D /* LegacyWeatherSwift */;
			targetProxy = F498F0202EBA4B9500BFD19D /* PBXContainerItemProxy */;
		};
		F498F02B2EBA4B9500BFD19D /* PBXTargetDependency */ = {
			isa = PBXTargetDependency;
			target = F498F0112EBA4B9400BFD19D /* LegacyWeatherSwift */;
			targetProxy = F498F02A2EBA4B9500BFD19D /* PBXContainerItemProxy */;
		};
/* End PBXTargetDependency section */

/* Begin XCBuildConfiguration section */
		F498F0312EBA4B9500BFD19D /* Debug */ = {
			isa = XCBuildConfiguration;
			buildSettings = {
				ALWAYS_SEARCH_USER_PATHS = NO;
				ASSETCATALOG_COMPILER_GENERATE_SWIFT_ASSET_SYMBOL_EXTENSIONS = YES;
				CLANG_ANALYZER_NONNULL = YES;
				CLANG_ANALYZER_NUMBER_OBJECT_CONVERSION = YES_AGGRESSIVE;
				CLANG_CXX_LANGUAGE_STANDARD = "gnu++20";
				CLANG_ENABLE_MODULES = YES;
				CLANG_ENABLE_OBJC_ARC = YES;
				CLANG_ENABLE_OBJC_WEAK = YES;
				CLANG_WARN_BLOCK_CAPTURE_AUTORELEASING = YES;
				CLANG_WARN_BOOL_CONVERSION = YES;
				CLANG_WARN_COMMA = YES;
				CLANG_WARN_CONSTANT_CONVERSION = YES;
				CLANG_WARN_DEPRECATED_OBJC_IMPLEMENTATIONS = YES;
				CLANG_WARN_DIRECT_OBJC_ISA_USAGE = YES_ERROR;
				CLANG_WARN_DOCUMENTATION_COMMENTS = YES;
				CLANG_WARN_EMPTY_BODY = YES;
				CLANG_WARN_ENUM_CONVERSION = YES;
				CLANG_WARN_INFINITE_RECURSION = YES;
				CLANG_WARN_INT_CONVERSION = YES;
				CLANG_WARN_NON_LITERAL_NULL_CONVERSION = YES;
				CLANG_WARN_OBJC_IMPLICIT_RETAIN_SELF = YES;
				CLANG_WARN_OBJC_LITERAL_CONVERSION = YES;
				CLANG_WARN_OBJC_ROOT_CLASS = YES_ERROR;
				CLANG_WARN_QUOTED_INCLUDE_IN_FRAMEWORK_HEADER = YES;
				CLANG_WARN_RANGE_LOOP_ANALYSIS = YES;
				CLANG_WARN_STRICT_PROTOTYPES = YES;
				CLANG_WARN_SUSPICIOUS_MOVE = YES;
				CLANG_WARN_UNGUARDED_AVAILABILITY = YES_AGGRESSIVE;
				CLANG_WARN_UNREACHABLE_CODE = YES;
				CLANG_WARN__DUPLICATE_METHOD_MATCH = YES;
				COPY_PHASE_STRIP = NO;
				DEBUG_INFORMATION_FORMAT = dwarf;
				ENABLE_STRICT_OBJC_MSGSEND = YES;
				ENABLE_TESTABILITY = YES;
				ENABLE_USER_SCRIPT_SANDBOXING = YES;
				GCC_C_LANGUAGE_STANDARD = gnu17;
				GCC_DYNAMIC_NO_PIC = NO;
				GCC_NO_COMMON_BLOCKS = YES;
				GCC_OPTIMIZATION_LEVEL = 0;
				GCC_PREPROCESSOR_DEFINITIONS = (
					"DEBUG=1",
					"$(inherited)",
				);
				GCC_WARN_64_TO_32_BIT_CONVERSION = YES;
				GCC_WARN_ABOUT_RETURN_TYPE = YES_ERROR;
				GCC_WARN_UNDECLARED_SELECTOR = YES;
				GCC_WARN_UNINITIALIZED_AUTOS = YES_AGGRESSIVE;
				GCC_WARN_UNUSED_FUNCTION = YES;
				GCC_WARN_UNUSED_VARIABLE = YES;
				IPHONEOS_DEPLOYMENT_TARGET = 26.0;
				LOCALIZATION_PREFERS_STRING_CATALOGS = YES;
				MTL_ENABLE_DEBUG_INFO = INCLUDE_SOURCE;
				MTL_FAST_MATH = YES;
				ONLY_ACTIVE_ARCH = YES;
				SDKROOT = iphoneos;
				SWIFT_ACTIVE_COMPILATION_CONDITIONS = "DEBUG $(inherited)";
				SWIFT_OPTIMIZATION_LEVEL = "-Onone";
			};
			name = Debug;
		};
		F498F0322EBA4B9500BFD19D /* Release */ = {
			isa = XCBuildConfiguration;
			buildSettings = {
				ALWAYS_SEARCH_USER_PATHS = NO;
				ASSETCATALOG_COMPILER_GENERATE_SWIFT_ASSET_SYMBOL_EXTENSIONS = YES;
				CLANG_ANALYZER_NONNULL = YES;
				CLANG_ANALYZER_NUMBER_OBJECT_CONVERSION = YES_AGGRESSIVE;
				CLANG_CXX_LANGUAGE_STANDARD = "gnu++20";
				CLANG_ENABLE_MODULES = YES;
				CLANG_ENABLE_OBJC_ARC = YES;
				CLANG_ENABLE_OBJC_WEAK = YES;
				CLANG_WARN_BLOCK_CAPTURE_AUTORELEASING = YES;
				CLANG_WARN_BOOL_CONVERSION = YES;
				CLANG_WARN_COMMA = YES;
				CLANG_WARN_CONSTANT_CONVERSION = YES;
				CLANG_WARN_DEPRECATED_OBJC_IMPLEMENTATIONS = YES;
				CLANG_WARN_DIRECT_OBJC_ISA_USAGE = YES_ERROR;
				CLANG_WARN_DOCUMENTATION_COMMENTS = YES;
				CLANG_WARN_EMPTY_BODY = YES;
				CLANG_WARN_ENUM_CONVERSION = YES;
				CLANG_WARN_INFINITE_RECURSION = YES;
				CLANG_WARN_INT_CONVERSION = YES;
				CLANG_WARN_NON_LITERAL_NULL_CONVERSION = YES;
				CLANG_WARN_OBJC_IMPLICIT_RETAIN_SELF = YES;
				CLANG_WARN_OBJC_LITERAL_CONVERSION = YES;
				CLANG_WARN_OBJC_ROOT_CLASS = YES_ERROR;
				CLANG_WARN_QUOTED_INCLUDE_IN_FRAMEWORK_HEADER = YES;
				CLANG_WARN_RANGE_LOOP_ANALYSIS = YES;
				CLANG_WARN_STRICT_PROTOTYPES = YES;
				CLANG_WARN_SUSPICIOUS_MOVE = YES;
				CLANG_WARN_UNGUARDED_AVAILABILITY = YES_AGGRESSIVE;
				CLANG_WARN_UNREACHABLE_CODE = YES;
				CLANG_WARN__DUPLICATE_METHOD_MATCH = YES;
				COPY_PHASE_STRIP = NO;
				DEBUG_INFORMATION_FORMAT = "dwarf-with-dsym";
				ENABLE_NS_ASSERTIONS = NO;
				ENABLE_STRICT_OBJC_MSGSEND = YES;
				ENABLE_USER_SCRIPT_SANDBOXING = YES;
				GCC_C_LANGUAGE_STANDARD = gnu17;
				GCC_NO_COMMON_BLOCKS = YES;
				GCC_WARN_64_TO_32_BIT_CONVERSION = YES;
				GCC_WARN_ABOUT_RETURN_TYPE = YES_ERROR;
				GCC_WARN_UNDECLARED_SELECTOR = YES;
				GCC_WARN_UNINITIALIZED_AUTOS = YES_AGGRESSIVE;
				GCC_WARN_UNUSED_FUNCTION = YES;
				GCC_WARN_UNUSED_VARIABLE = YES;
				IPHONEOS_DEPLOYMENT_TARGET = 26.0;
				LOCALIZATION_PREFERS_STRING_CATALOGS = YES;
				MTL_ENABLE_DEBUG_INFO = NO;
				MTL_FAST_MATH = YES;
				SDKROOT = iphoneos;
				SWIFT_COMPILATION_MODE = wholemodule;
				VALIDATE_PRODUCT = YES;
			};
			name = Release;
		};
		F498F0342EBA4B9500BFD19D /* Debug */ = {
			isa = XCBuildConfiguration;
			buildSettings = {
				ASSETCATALOG_COMPILER_APPICON_NAME = AppIcon;
				ASSETCATALOG_COMPILER_GLOBAL_ACCENT_COLOR_NAME = AccentColor;
				CODE_SIGN_STYLE = Automatic;
				CURRENT_PROJECT_VERSION = 1;
				ENABLE_PREVIEWS = YES;
				GENERATE_INFOPLIST_FILE = YES;
				INFOPLIST_KEY_UIApplicationSceneManifest_Generation = YES;
				INFOPLIST_KEY_UIApplicationSupportsIndirectInputEvents = YES;
				INFOPLIST_KEY_UILaunchScreen_Generation = YES;
				INFOPLIST_KEY_UISupportedInterfaceOrientations_iPad = "UIInterfaceOrientationPortrait UIInterfaceOrientationPortraitUpsideDown UIInterfaceOrientationLandscapeLeft UIInterfaceOrientationLandscapeRight";
				INFOPLIST_KEY_UISupportedInterfaceOrientations_iPhone = "UIInterfaceOrientationPortrait UIInterfaceOrientationLandscapeLeft UIInterfaceOrientationLandscapeRight";
				LD_RUNPATH_SEARCH_PATHS = (
					"$(inherited)",
					"@executable_path/Frameworks",
				);
				MARKETING_VERSION = 1.0;
				PRODUCT_BUNDLE_IDENTIFIER = watchelm.LegacyWeatherSwift;
				PRODUCT_NAME = "$(TARGET_NAME)";
				STRING_CATALOG_GENERATE_SYMBOLS = YES;
				SWIFT_APPROACHABLE_CONCURRENCY = YES;
				SWIFT_DEFAULT_ACTOR_ISOLATION = MainActor;
				SWIFT_EMIT_LOC_STRINGS = YES;
				SWIFT_UPCOMING_FEATURE_MEMBER_IMPORT_VISIBILITY = YES;
				SWIFT_VERSION = 5.0;
				TARGETED_DEVICE_FAMILY = "1,2";
			};
			name = Debug;
		};
		F498F0352EBA4B9500BFD19D /* Release */ = {
			isa = XCBuildConfiguration;
			buildSettings = {
				ASSETCATALOG_COMPILER_APPICON_NAME = AppIcon;
				ASSETCATALOG_COMPILER_GLOBAL_ACCENT_COLOR_NAME = AccentColor;
				CODE_SIGN_STYLE = Automatic;
				CURRENT_PROJECT_VERSION = 1;
				ENABLE_PREVIEWS = YES;
				GENERATE_INFOPLIST_FILE = YES;
				INFOPLIST_KEY_UIApplicationSceneManifest_Generation = YES;
				INFOPLIST_KEY_UIApplicationSupportsIndirectInputEvents = YES;
				INFOPLIST_KEY_UILaunchScreen_Generation = YES;
				INFOPLIST_KEY_UISupportedInterfaceOrientations_iPad = "UIInterfaceOrientationPortrait UIInterfaceOrientationPortraitUpsideDown UIInterfaceOrientationLandscapeLeft UIInterfaceOrientationLandscapeRight";
				INFOPLIST_KEY_UISupportedInterfaceOrientations_iPhone = "UIInterfaceOrientationPortrait UIInterfaceOrientationLandscapeLeft UIInterfaceOrientationLandscapeRight";
				LD_RUNPATH_SEARCH_PATHS = (
					"$(inherited)",
					"@executable_path/Frameworks",
				);
				MARKETING_VERSION = 1.0;
				PRODUCT_BUNDLE_IDENTIFIER = watchelm.LegacyWeatherSwift;
				PRODUCT_NAME = "$(TARGET_NAME)";
				STRING_CATALOG_GENERATE_SYMBOLS = YES;
				SWIFT_APPROACHABLE_CONCURRENCY = YES;
				SWIFT_DEFAULT_ACTOR_ISOLATION = MainActor;
				SWIFT_EMIT_LOC_STRINGS = YES;
				SWIFT_UPCOMING_FEATURE_MEMBER_IMPORT_VISIBILITY = YES;
				SWIFT_VERSION = 5.0;
				TARGETED_DEVICE_FAMILY = "1,2";
			};
			name = Release;
		};
		F498F0372EBA4B9500BFD19D /* Debug */ = {
			isa = XCBuildConfiguration;
			buildSettings = {
				BUNDLE_LOADER = "$(TEST_HOST)";
				CODE_SIGN_STYLE = Automatic;
				CURRENT_PROJECT_VERSION = 1;
				GENERATE_INFOPLIST_FILE = YES;
				IPHONEOS_DEPLOYMENT_TARGET = 26.0;
				MARKETING_VERSION = 1.0;
				PRODUCT_BUNDLE_IDENTIFIER = watchelm.LegacyWeatherSwiftTests;
				PRODUCT_NAME = "$(TARGET_NAME)";
				STRING_CATALOG_GENERATE_SYMBOLS = NO;
				SWIFT_APPROACHABLE_CONCURRENCY = YES;
				SWIFT_EMIT_LOC_STRINGS = NO;
				SWIFT_UPCOMING_FEATURE_MEMBER_IMPORT_VISIBILITY = YES;
				SWIFT_VERSION = 5.0;
				TARGETED_DEVICE_FAMILY = "1,2";
				TEST_HOST = "$(BUILT_PRODUCTS_DIR)/LegacyWeatherSwift.app/$(BUNDLE_EXECUTABLE_FOLDER_PATH)/LegacyWeatherSwift";
			};
			name = Debug;
		};
		F498F0382EBA4B9500BFD19D /* Release */ = {
			isa = XCBuildConfiguration;
			buildSettings = {
				BUNDLE_LOADER = "$(TEST_HOST)";
				CODE_SIGN_STYLE = Automatic;
				CURRENT_PROJECT_VERSION = 1;
				GENERATE_INFOPLIST_FILE = YES;
				IPHONEOS_DEPLOYMENT_TARGET = 26.0;
				MARKETING_VERSION = 1.0;
				PRODUCT_BUNDLE_IDENTIFIER = watchelm.LegacyWeatherSwiftTests;
				PRODUCT_NAME = "$(TARGET_NAME)";
				STRING_CATALOG_GENERATE_SYMBOLS = NO;
				SWIFT_APPROACHABLE_CONCURRENCY = YES;
				SWIFT_EMIT_LOC_STRINGS = NO;
				SWIFT_UPCOMING_FEATURE_MEMBER_IMPORT_VISIBILITY = YES;
				SWIFT_VERSION = 5.0;
				TARGETED_DEVICE_FAMILY = "1,2";
				TEST_HOST = "$(BUILT_PRODUCTS_DIR)/LegacyWeatherSwift.app/$(BUNDLE_EXECUTABLE_FOLDER_PATH)/LegacyWeatherSwift";
			};
			name = Release;
		};
		F498F03A2EBA4B9500BFD19D /* Debug */ = {
			isa = XCBuildConfiguration;
			buildSettings = {
				CODE_SIGN_STYLE = Automatic;
				CURRENT_PROJECT_VERSION = 1;
				GENERATE_INFOPLIST_FILE = YES;
				MARKETING_VERSION = 1.0;
				PRODUCT_BUNDLE_IDENTIFIER = watchelm.LegacyWeatherSwiftUITests;
				PRODUCT_NAME = "$(TARGET_NAME)";
				STRING_CATALOG_GENERATE_SYMBOLS = NO;
				SWIFT_APPROACHABLE_CONCURRENCY = YES;
				SWIFT_EMIT_LOC_STRINGS = NO;
				SWIFT_UPCOMING_FEATURE_MEMBER_IMPORT_VISIBILITY = YES;
				SWIFT_VERSION = 5.0;
				TARGETED_DEVICE_FAMILY = "1,2";
				TEST_TARGET_NAME = LegacyWeatherSwift;
			};
			name = Debug;
		};
		F498F03B2EBA4B9500BFD19D /* Release */ = {
			isa = XCBuildConfiguration;
			buildSettings = {
				CODE_SIGN_STYLE = Automatic;
				CURRENT_PROJECT_VERSION = 1;
				GENERATE_INFOPLIST_FILE = YES;
				MARKETING_VERSION = 1.0;
				PRODUCT_BUNDLE_IDENTIFIER = watchelm.LegacyWeatherSwiftUITests;
				PRODUCT_NAME = "$(TARGET_NAME)";
				STRING_CATALOG_GENERATE_SYMBOLS = NO;
				SWIFT_APPROACHABLE_CONCURRENCY = YES;
				SWIFT_EMIT_LOC_STRINGS = NO;
				SWIFT_UPCOMING_FEATURE_MEMBER_IMPORT_VISIBILITY = YES;
				SWIFT_VERSION = 5.0;
				TARGETED_DEVICE_FAMILY = "1,2";
				TEST_TARGET_NAME = LegacyWeatherSwift;
			};
			name = Release;
		};
/* End XCBuildConfiguration section */

/* Begin XCConfigurationList section */
		F498F00D2EBA4B9400BFD19D /* Build configuration list for PBXProject "LegacyWeatherSwift" */ = {
			isa = XCConfigurationList;
			buildConfigurations = (
				F498F0312EBA4B9500BFD19D /* Debug */,
				F498F0322EBA4B9500BFD19D /* Release */,
			);
			defaultConfigurationIsVisible = 0;
			defaultConfigurationName = Release;
		};
		F498F0332EBA4B9500BFD19D /* Build configuration list for PBXNativeTarget "LegacyWeatherSwift" */ = {
			isa = XCConfigurationList;
			buildConfigurations = (
				F498F0342EBA4B9500BFD19D /* Debug */,
				F498F0352EBA4B9500BFD19D /* Release */,
			);
			defaultConfigurationIsVisible = 0;
			defaultConfigurationName = Release;
		};
		F498F0362EBA4B9500BFD19D /* Build configuration list for PBXNativeTarget "LegacyWeatherSwiftTests" */ = {
			isa = XCConfigurationList;
			buildConfigurations = (
				F498F0372EBA4B9500BFD19D /* Debug */,
				F498F0382EBA4B9500BFD19D /* Release */,
			);
			defaultConfigurationIsVisible = 0;
			defaultConfigurationName = Release;
		};
		F498F0392EBA4B9500BFD19D /* Build configuration list for PBXNativeTarget "LegacyWeatherSwiftUITests" */ = {
			isa = XCConfigurationList;
			buildConfigurations = (
				F498F03A2EBA4B9500BFD19D /* Debug */,
				F498F03B2EBA4B9500BFD19D /* Release */,
			);
			defaultConfigurationIsVisible = 0;
			defaultConfigurationName = Release;
		};
/* End XCConfigurationList section */
	};
	rootObject = F498F00A2EBA4B9400BFD19D /* Project object */;
}
